// !$*UTF8*$!
{
	archiveVersion = 1;
	classes = {
	};
	objectVersion = 50;
	objects = {

/* Begin PBXBuildFile section */
		6E1EB87825A3C84C009F69F2 /* AppDelegate.swift in Sources */ = {isa = PBXBuildFile; fileRef = 6E1EB87725A3C84C009F69F2 /* AppDelegate.swift */; };
		6E1EB87A25A3C84C009F69F2 /* SceneDelegate.swift in Sources */ = {isa = PBXBuildFile; fileRef = 6E1EB87925A3C84C009F69F2 /* SceneDelegate.swift */; };
		6E1EB87C25A3C84C009F69F2 /* ViewController.swift in Sources */ = {isa = PBXBuildFile; fileRef = 6E1EB87B25A3C84C009F69F2 /* ViewController.swift */; };
		6E1EB87F25A3C84C009F69F2 /* Main.storyboard in Resources */ = {isa = PBXBuildFile; fileRef = 6E1EB87D25A3C84C009F69F2 /* Main.storyboard */; };
		6E1EB88125A3C84E009F69F2 /* Assets.xcassets in Resources */ = {isa = PBXBuildFile; fileRef = 6E1EB88025A3C84E009F69F2 /* Assets.xcassets */; };
		6E1EB88425A3C84E009F69F2 /* LaunchScreen.storyboard in Resources */ = {isa = PBXBuildFile; fileRef = 6E1EB88225A3C84E009F69F2 /* LaunchScreen.storyboard */; };
		6E1EB88F25A3C84E009F69F2 /* Marvel_clientTests.swift in Sources */ = {isa = PBXBuildFile; fileRef = 6E1EB88E25A3C84E009F69F2 /* Marvel_clientTests.swift */; };
		6E1EB89A25A3C84E009F69F2 /* Marvel_clientUITests.swift in Sources */ = {isa = PBXBuildFile; fileRef = 6E1EB89925A3C84E009F69F2 /* Marvel_clientUITests.swift */; };
/* End PBXBuildFile section */

/* Begin PBXContainerItemProxy section */
		6E1EB88B25A3C84E009F69F2 /* PBXContainerItemProxy */ = {
			isa = PBXContainerItemProxy;
			containerPortal = 6E1EB86C25A3C84C009F69F2 /* Project object */;
			proxyType = 1;
			remoteGlobalIDString = 6E1EB87325A3C84C009F69F2;
			remoteInfo = "Marvel-client";
		};
		6E1EB89625A3C84E009F69F2 /* PBXContainerItemProxy */ = {
			isa = PBXContainerItemProxy;
			containerPortal = 6E1EB86C25A3C84C009F69F2 /* Project object */;
			proxyType = 1;
			remoteGlobalIDString = 6E1EB87325A3C84C009F69F2;
			remoteInfo = "Marvel-client";
		};
/* End PBXContainerItemProxy section */

/* Begin PBXFileReference section */
		6E1EB87425A3C84C009F69F2 /* Marvel-client.app */ = {isa = PBXFileReference; explicitFileType = wrapper.application; includeInIndex = 0; path = "Marvel-client.app"; sourceTree = BUILT_PRODUCTS_DIR; };
		6E1EB87725A3C84C009F69F2 /* AppDelegate.swift */ = {isa = PBXFileReference; lastKnownFileType = sourcecode.swift; path = AppDelegate.swift; sourceTree = "<group>"; };
		6E1EB87925A3C84C009F69F2 /* SceneDelegate.swift */ = {isa = PBXFileReference; lastKnownFileType = sourcecode.swift; path = SceneDelegate.swift; sourceTree = "<group>"; };
		6E1EB87B25A3C84C009F69F2 /* ViewController.swift */ = {isa = PBXFileReference; lastKnownFileType = sourcecode.swift; path = ViewController.swift; sourceTree = "<group>"; };
		6E1EB87E25A3C84C009F69F2 /* Base */ = {isa = PBXFileReference; lastKnownFileType = file.storyboard; name = Base; path = Base.lproj/Main.storyboard; sourceTree = "<group>"; };
		6E1EB88025A3C84E009F69F2 /* Assets.xcassets */ = {isa = PBXFileReference; lastKnownFileType = folder.assetcatalog; path = Assets.xcassets; sourceTree = "<group>"; };
		6E1EB88325A3C84E009F69F2 /* Base */ = {isa = PBXFileReference; lastKnownFileType = file.storyboard; name = Base; path = Base.lproj/LaunchScreen.storyboard; sourceTree = "<group>"; };
		6E1EB88525A3C84E009F69F2 /* Info.plist */ = {isa = PBXFileReference; lastKnownFileType = text.plist.xml; path = Info.plist; sourceTree = "<group>"; };
		6E1EB88A25A3C84E009F69F2 /* Marvel-clientTests.xctest */ = {isa = PBXFileReference; explicitFileType = wrapper.cfbundle; includeInIndex = 0; path = "Marvel-clientTests.xctest"; sourceTree = BUILT_PRODUCTS_DIR; };
		6E1EB88E25A3C84E009F69F2 /* Marvel_clientTests.swift */ = {isa = PBXFileReference; lastKnownFileType = sourcecode.swift; path = Marvel_clientTests.swift; sourceTree = "<group>"; };
		6E1EB89025A3C84E009F69F2 /* Info.plist */ = {isa = PBXFileReference; lastKnownFileType = text.plist.xml; path = Info.plist; sourceTree = "<group>"; };
		6E1EB89525A3C84E009F69F2 /* Marvel-clientUITests.xctest */ = {isa = PBXFileReference; explicitFileType = wrapper.cfbundle; includeInIndex = 0; path = "Marvel-clientUITests.xctest"; sourceTree = BUILT_PRODUCTS_DIR; };
		6E1EB89925A3C84E009F69F2 /* Marvel_clientUITests.swift */ = {isa = PBXFileReference; lastKnownFileType = sourcecode.swift; path = Marvel_clientUITests.swift; sourceTree = "<group>"; };
		6E1EB89B25A3C84E009F69F2 /* Info.plist */ = {isa = PBXFileReference; lastKnownFileType = text.plist.xml; path = Info.plist; sourceTree = "<group>"; };
/* End PBXFileReference section */

/* Begin PBXFrameworksBuildPhase section */
		6E1EB87125A3C84C009F69F2 /* Frameworks */ = {
			isa = PBXFrameworksBuildPhase;
			buildActionMask = 2147483647;
			files = (
			);
			runOnlyForDeploymentPostprocessing = 0;
		};
		6E1EB88725A3C84E009F69F2 /* Frameworks */ = {
			isa = PBXFrameworksBuildPhase;
			buildActionMask = 2147483647;
			files = (
			);
			runOnlyForDeploymentPostprocessing = 0;
		};
		6E1EB89225A3C84E009F69F2 /* Frameworks */ = {
			isa = PBXFrameworksBuildPhase;
			buildActionMask = 2147483647;
			files = (
			);
			runOnlyForDeploymentPostprocessing = 0;
		};
/* End PBXFrameworksBuildPhase section */

/* Begin PBXGroup section */
		6E1EB86B25A3C84C009F69F2 = {
			isa = PBXGroup;
			children = (
				6E1EB87625A3C84C009F69F2 /* Marvel-client */,
				6E1EB88D25A3C84E009F69F2 /* Marvel-clientTests */,
				6E1EB89825A3C84E009F69F2 /* Marvel-clientUITests */,
				6E1EB87525A3C84C009F69F2 /* Products */,
			);
			sourceTree = "<group>";
		};
		6E1EB87525A3C84C009F69F2 /* Products */ = {
			isa = PBXGroup;
			children = (
				6E1EB87425A3C84C009F69F2 /* Marvel-client.app */,
				6E1EB88A25A3C84E009F69F2 /* Marvel-clientTests.xctest */,
				6E1EB89525A3C84E009F69F2 /* Marvel-clientUITests.xctest */,
			);
			name = Products;
			sourceTree = "<group>";
		};
		6E1EB87625A3C84C009F69F2 /* Marvel-client */ = {
			isa = PBXGroup;
			children = (
				6E1EB87725A3C84C009F69F2 /* AppDelegate.swift */,
				6E1EB87925A3C84C009F69F2 /* SceneDelegate.swift */,
				6E1EB87B25A3C84C009F69F2 /* ViewController.swift */,
				6E1EB87D25A3C84C009F69F2 /* Main.storyboard */,
				6E1EB88025A3C84E009F69F2 /* Assets.xcassets */,
				6E1EB88225A3C84E009F69F2 /* LaunchScreen.storyboard */,
				6E1EB88525A3C84E009F69F2 /* Info.plist */,
			);
			path = "Marvel-client";
			sourceTree = "<group>";
		};
		6E1EB88D25A3C84E009F69F2 /* Marvel-clientTests */ = {
			isa = PBXGroup;
			children = (
				6E1EB88E25A3C84E009F69F2 /* Marvel_clientTests.swift */,
				6E1EB89025A3C84E009F69F2 /* Info.plist */,
			);
			path = "Marvel-clientTests";
			sourceTree = "<group>";
		};
		6E1EB89825A3C84E009F69F2 /* Marvel-clientUITests */ = {
			isa = PBXGroup;
			children = (
				6E1EB89925A3C84E009F69F2 /* Marvel_clientUITests.swift */,
				6E1EB89B25A3C84E009F69F2 /* Info.plist */,
			);
			path = "Marvel-clientUITests";
			sourceTree = "<group>";
		};
/* End PBXGroup section */

/* Begin PBXNativeTarget section */
		6E1EB87325A3C84C009F69F2 /* Marvel-client */ = {
			isa = PBXNativeTarget;
			buildConfigurationList = 6E1EB89E25A3C84E009F69F2 /* Build configuration list for PBXNativeTarget "Marvel-client" */;
			buildPhases = (
				6E1EB87025A3C84C009F69F2 /* Sources */,
				6E1EB87125A3C84C009F69F2 /* Frameworks */,
				6E1EB87225A3C84C009F69F2 /* Resources */,
			);
			buildRules = (
			);
			dependencies = (
			);
			name = "Marvel-client";
			productName = "Marvel-client";
			productReference = 6E1EB87425A3C84C009F69F2 /* Marvel-client.app */;
			productType = "com.apple.product-type.application";
		};
		6E1EB88925A3C84E009F69F2 /* Marvel-clientTests */ = {
			isa = PBXNativeTarget;
			buildConfigurationList = 6E1EB8A125A3C84E009F69F2 /* Build configuration list for PBXNativeTarget "Marvel-clientTests" */;
			buildPhases = (
				6E1EB88625A3C84E009F69F2 /* Sources */,
				6E1EB88725A3C84E009F69F2 /* Frameworks */,
				6E1EB88825A3C84E009F69F2 /* Resources */,
			);
			buildRules = (
			);
			dependencies = (
				6E1EB88C25A3C84E009F69F2 /* PBXTargetDependency */,
			);
			name = "Marvel-clientTests";
			productName = "Marvel-clientTests";
			productReference = 6E1EB88A25A3C84E009F69F2 /* Marvel-clientTests.xctest */;
			productType = "com.apple.product-type.bundle.unit-test";
		};
		6E1EB89425A3C84E009F69F2 /* Marvel-clientUITests */ = {
			isa = PBXNativeTarget;
			buildConfigurationList = 6E1EB8A425A3C84E009F69F2 /* Build configuration list for PBXNativeTarget "Marvel-clientUITests" */;
			buildPhases = (
				6E1EB89125A3C84E009F69F2 /* Sources */,
				6E1EB89225A3C84E009F69F2 /* Frameworks */,
				6E1EB89325A3C84E009F69F2 /* Resources */,
			);
			buildRules = (
			);
			dependencies = (
				6E1EB89725A3C84E009F69F2 /* PBXTargetDependency */,
			);
			name = "Marvel-clientUITests";
			productName = "Marvel-clientUITests";
			productReference = 6E1EB89525A3C84E009F69F2 /* Marvel-clientUITests.xctest */;
			productType = "com.apple.product-type.bundle.ui-testing";
		};
/* End PBXNativeTarget section */

/* Begin PBXProject section */
		6E1EB86C25A3C84C009F69F2 /* Project object */ = {
			isa = PBXProject;
			attributes = {
				LastSwiftUpdateCheck = 1220;
				LastUpgradeCheck = 1220;
				TargetAttributes = {
					6E1EB87325A3C84C009F69F2 = {
						CreatedOnToolsVersion = 12.2;
					};
					6E1EB88925A3C84E009F69F2 = {
						CreatedOnToolsVersion = 12.2;
						TestTargetID = 6E1EB87325A3C84C009F69F2;
					};
					6E1EB89425A3C84E009F69F2 = {
						CreatedOnToolsVersion = 12.2;
						TestTargetID = 6E1EB87325A3C84C009F69F2;
					};
				};
			};
			buildConfigurationList = 6E1EB86F25A3C84C009F69F2 /* Build configuration list for PBXProject "Marvel-client" */;
			compatibilityVersion = "Xcode 9.3";
			developmentRegion = en;
			hasScannedForEncodings = 0;
			knownRegions = (
				en,
				Base,
			);
			mainGroup = 6E1EB86B25A3C84C009F69F2;
			productRefGroup = 6E1EB87525A3C84C009F69F2 /* Products */;
			projectDirPath = "";
			projectRoot = "";
			targets = (
				6E1EB87325A3C84C009F69F2 /* Marvel-client */,
				6E1EB88925A3C84E009F69F2 /* Marvel-clientTests */,
				6E1EB89425A3C84E009F69F2 /* Marvel-clientUITests */,
			);
		};
/* End PBXProject section */

/* Begin PBXResourcesBuildPhase section */
		6E1EB87225A3C84C009F69F2 /* Resources */ = {
			isa = PBXResourcesBuildPhase;
			buildActionMask = 2147483647;
			files = (
				6E1EB88425A3C84E009F69F2 /* LaunchScreen.storyboard in Resources */,
				6E1EB88125A3C84E009F69F2 /* Assets.xcassets in Resources */,
				6E1EB87F25A3C84C009F69F2 /* Main.storyboard in Resources */,
			);
			runOnlyForDeploymentPostprocessing = 0;
		};
		6E1EB88825A3C84E009F69F2 /* Resources */ = {
			isa = PBXResourcesBuildPhase;
			buildActionMask = 2147483647;
			files = (
			);
			runOnlyForDeploymentPostprocessing = 0;
		};
		6E1EB89325A3C84E009F69F2 /* Resources */ = {
			isa = PBXResourcesBuildPhase;
			buildActionMask = 2147483647;
			files = (
			);
			runOnlyForDeploymentPostprocessing = 0;
		};
/* End PBXResourcesBuildPhase section */

/* Begin PBXSourcesBuildPhase section */
		6E1EB87025A3C84C009F69F2 /* Sources */ = {
			isa = PBXSourcesBuildPhase;
			buildActionMask = 2147483647;
			files = (
				6E1EB87C25A3C84C009F69F2 /* ViewController.swift in Sources */,
				6E1EB87825A3C84C009F69F2 /* AppDelegate.swift in Sources */,
				6E1EB87A25A3C84C009F69F2 /* SceneDelegate.swift in Sources */,
			);
			runOnlyForDeploymentPostprocessing = 0;
		};
		6E1EB88625A3C84E009F69F2 /* Sources */ = {
			isa = PBXSourcesBuildPhase;
			buildActionMask = 2147483647;
			files = (
				6E1EB88F25A3C84E009F69F2 /* Marvel_clientTests.swift in Sources */,
			);
			runOnlyForDeploymentPostprocessing = 0;
		};
		6E1EB89125A3C84E009F69F2 /* Sources */ = {
			isa = PBXSourcesBuildPhase;
			buildActionMask = 2147483647;
			files = (
				6E1EB89A25A3C84E009F69F2 /* Marvel_clientUITests.swift in Sources */,
			);
			runOnlyForDeploymentPostprocessing = 0;
		};
/* End PBXSourcesBuildPhase section */

/* Begin PBXTargetDependency section */
		6E1EB88C25A3C84E009F69F2 /* PBXTargetDependency */ = {
			isa = PBXTargetDependency;
			target = 6E1EB87325A3C84C009F69F2 /* Marvel-client */;
			targetProxy = 6E1EB88B25A3C84E009F69F2 /* PBXContainerItemProxy */;
		};
		6E1EB89725A3C84E009F69F2 /* PBXTargetDependency */ = {
			isa = PBXTargetDependency;
			target = 6E1EB87325A3C84C009F69F2 /* Marvel-client */;
			targetProxy = 6E1EB89625A3C84E009F69F2 /* PBXContainerItemProxy */;
		};
/* End PBXTargetDependency section */

/* Begin PBXVariantGroup section */
		6E1EB87D25A3C84C009F69F2 /* Main.storyboard */ = {
			isa = PBXVariantGroup;
			children = (
				6E1EB87E25A3C84C009F69F2 /* Base */,
			);
			name = Main.storyboard;
			sourceTree = "<group>";
		};
		6E1EB88225A3C84E009F69F2 /* LaunchScreen.storyboard */ = {
			isa = PBXVariantGroup;
			children = (
				6E1EB88325A3C84E009F69F2 /* Base */,
			);
			name = LaunchScreen.storyboard;
			sourceTree = "<group>";
		};
/* End PBXVariantGroup section */

/* Begin XCBuildConfiguration section */
		6E1EB89C25A3C84E009F69F2 /* Debug */ = {
			isa = XCBuildConfiguration;
			buildSettings = {
				ALWAYS_SEARCH_USER_PATHS = NO;
				CLANG_ANALYZER_NONNULL = YES;
				CLANG_ANALYZER_NUMBER_OBJECT_CONVERSION = YES_AGGRESSIVE;
				CLANG_CXX_LANGUAGE_STANDARD = "gnu++14";
				CLANG_CXX_LIBRARY = "libc++";
				CLANG_ENABLE_MODULES = YES;
				CLANG_ENABLE_OBJC_ARC = YES;
				CLANG_ENABLE_OBJC_WEAK = YES;
				CLANG_WARN_BLOCK_CAPTURE_AUTORELEASING = YES;
				CLANG_WARN_BOOL_CONVERSION = YES;
				CLANG_WARN_COMMA = YES;
				CLANG_WARN_CONSTANT_CONVERSION = YES;
				CLANG_WARN_DEPRECATED_OBJC_IMPLEMENTATIONS = YES;
				CLANG_WARN_DIRECT_OBJC_ISA_USAGE = YES_ERROR;
				CLANG_WARN_DOCUMENTATION_COMMENTS = YES;
				CLANG_WARN_EMPTY_BODY = YES;
				CLANG_WARN_ENUM_CONVERSION = YES;
				CLANG_WARN_INFINITE_RECURSION = YES;
				CLANG_WARN_INT_CONVERSION = YES;
				CLANG_WARN_NON_LITERAL_NULL_CONVERSION = YES;
				CLANG_WARN_OBJC_IMPLICIT_RETAIN_SELF = YES;
				CLANG_WARN_OBJC_LITERAL_CONVERSION = YES;
				CLANG_WARN_OBJC_ROOT_CLASS = YES_ERROR;
				CLANG_WARN_QUOTED_INCLUDE_IN_FRAMEWORK_HEADER = YES;
				CLANG_WARN_RANGE_LOOP_ANALYSIS = YES;
				CLANG_WARN_STRICT_PROTOTYPES = YES;
				CLANG_WARN_SUSPICIOUS_MOVE = YES;
				CLANG_WARN_UNGUARDED_AVAILABILITY = YES_AGGRESSIVE;
				CLANG_WARN_UNREACHABLE_CODE = YES;
				CLANG_WARN__DUPLICATE_METHOD_MATCH = YES;
				COPY_PHASE_STRIP = NO;
				DEBUG_INFORMATION_FORMAT = dwarf;
				ENABLE_STRICT_OBJC_MSGSEND = YES;
				ENABLE_TESTABILITY = YES;
				GCC_C_LANGUAGE_STANDARD = gnu11;
				GCC_DYNAMIC_NO_PIC = NO;
				GCC_NO_COMMON_BLOCKS = YES;
				GCC_OPTIMIZATION_LEVEL = 0;
				GCC_PREPROCESSOR_DEFINITIONS = (
					"DEBUG=1",
					"$(inherited)",
				);
				GCC_WARN_64_TO_32_BIT_CONVERSION = YES;
				GCC_WARN_ABOUT_RETURN_TYPE = YES_ERROR;
				GCC_WARN_UNDECLARED_SELECTOR = YES;
				GCC_WARN_UNINITIALIZED_AUTOS = YES_AGGRESSIVE;
				GCC_WARN_UNUSED_FUNCTION = YES;
				GCC_WARN_UNUSED_VARIABLE = YES;
				IPHONEOS_DEPLOYMENT_TARGET = 14.2;
				MTL_ENABLE_DEBUG_INFO = INCLUDE_SOURCE;
				MTL_FAST_MATH = YES;
				ONLY_ACTIVE_ARCH = YES;
				SDKROOT = iphoneos;
				SWIFT_ACTIVE_COMPILATION_CONDITIONS = DEBUG;
				SWIFT_OPTIMIZATION_LEVEL = "-Onone";
			};
			name = Debug;
		};
		6E1EB89D25A3C84E009F69F2 /* Release */ = {
			isa = XCBuildConfiguration;
			buildSettings = {
				ALWAYS_SEARCH_USER_PATHS = NO;
				CLANG_ANALYZER_NONNULL = YES;
				CLANG_ANALYZER_NUMBER_OBJECT_CONVERSION = YES_AGGRESSIVE;
				CLANG_CXX_LANGUAGE_STANDARD = "gnu++14";
				CLANG_CXX_LIBRARY = "libc++";
				CLANG_ENABLE_MODULES = YES;
				CLANG_ENABLE_OBJC_ARC = YES;
				CLANG_ENABLE_OBJC_WEAK = YES;
				CLANG_WARN_BLOCK_CAPTURE_AUTORELEASING = YES;
				CLANG_WARN_BOOL_CONVERSION = YES;
				CLANG_WARN_COMMA = YES;
				CLANG_WARN_CONSTANT_CONVERSION = YES;
				CLANG_WARN_DEPRECATED_OBJC_IMPLEMENTATIONS = YES;
				CLANG_WARN_DIRECT_OBJC_ISA_USAGE = YES_ERROR;
				CLANG_WARN_DOCUMENTATION_COMMENTS = YES;
				CLANG_WARN_EMPTY_BODY = YES;
				CLANG_WARN_ENUM_CONVERSION = YES;
				CLANG_WARN_INFINITE_RECURSION = YES;
				CLANG_WARN_INT_CONVERSION = YES;
				CLANG_WARN_NON_LITERAL_NULL_CONVERSION = YES;
				CLANG_WARN_OBJC_IMPLICIT_RETAIN_SELF = YES;
				CLANG_WARN_OBJC_LITERAL_CONVERSION = YES;
				CLANG_WARN_OBJC_ROOT_CLASS = YES_ERROR;
				CLANG_WARN_QUOTED_INCLUDE_IN_FRAMEWORK_HEADER = YES;
				CLANG_WARN_RANGE_LOOP_ANALYSIS = YES;
				CLANG_WARN_STRICT_PROTOTYPES = YES;
				CLANG_WARN_SUSPICIOUS_MOVE = YES;
				CLANG_WARN_UNGUARDED_AVAILABILITY = YES_AGGRESSIVE;
				CLANG_WARN_UNREACHABLE_CODE = YES;
				CLANG_WARN__DUPLICATE_METHOD_MATCH = YES;
				COPY_PHASE_STRIP = NO;
				DEBUG_INFORMATION_FORMAT = "dwarf-with-dsym";
				ENABLE_NS_ASSERTIONS = NO;
				ENABLE_STRICT_OBJC_MSGSEND = YES;
				GCC_C_LANGUAGE_STANDARD = gnu11;
				GCC_NO_COMMON_BLOCKS = YES;
				GCC_WARN_64_TO_32_BIT_CONVERSION = YES;
				GCC_WARN_ABOUT_RETURN_TYPE = YES_ERROR;
				GCC_WARN_UNDECLARED_SELECTOR = YES;
				GCC_WARN_UNINITIALIZED_AUTOS = YES_AGGRESSIVE;
				GCC_WARN_UNUSED_FUNCTION = YES;
				GCC_WARN_UNUSED_VARIABLE = YES;
				IPHONEOS_DEPLOYMENT_TARGET = 14.2;
				MTL_ENABLE_DEBUG_INFO = NO;
				MTL_FAST_MATH = YES;
				SDKROOT = iphoneos;
				SWIFT_COMPILATION_MODE = wholemodule;
				SWIFT_OPTIMIZATION_LEVEL = "-O";
				VALIDATE_PRODUCT = YES;
			};
			name = Release;
		};
		6E1EB89F25A3C84E009F69F2 /* Debug */ = {
			isa = XCBuildConfiguration;
			buildSettings = {
				ASSETCATALOG_COMPILER_APPICON_NAME = AppIcon;
				ASSETCATALOG_COMPILER_GLOBAL_ACCENT_COLOR_NAME = AccentColor;
				CODE_SIGN_STYLE = Automatic;
				DEVELOPMENT_TEAM = 5VCBSASHYH;
				INFOPLIST_FILE = "Marvel-client/Info.plist";
				LD_RUNPATH_SEARCH_PATHS = (
					"$(inherited)",
					"@executable_path/Frameworks",
				);
				PRODUCT_BUNDLE_IDENTIFIER = "biz.microedition.Marvel-client";
				PRODUCT_NAME = "$(TARGET_NAME)";
				SWIFT_VERSION = 5.0;
				TARGETED_DEVICE_FAMILY = "1,2";
			};
			name = Debug;
		};
		6E1EB8A025A3C84E009F69F2 /* Release */ = {
			isa = XCBuildConfiguration;
			buildSettings = {
				ASSETCATALOG_COMPILER_APPICON_NAME = AppIcon;
				ASSETCATALOG_COMPILER_GLOBAL_ACCENT_COLOR_NAME = AccentColor;
				CODE_SIGN_STYLE = Automatic;
				DEVELOPMENT_TEAM = 5VCBSASHYH;
				INFOPLIST_FILE = "Marvel-client/Info.plist";
				LD_RUNPATH_SEARCH_PATHS = (
					"$(inherited)",
					"@executable_path/Frameworks",
				);
				PRODUCT_BUNDLE_IDENTIFIER = "biz.microedition.Marvel-client";
				PRODUCT_NAME = "$(TARGET_NAME)";
				SWIFT_VERSION = 5.0;
				TARGETED_DEVICE_FAMILY = "1,2";
			};
			name = Release;
		};
		6E1EB8A225A3C84E009F69F2 /* Debug */ = {
			isa = XCBuildConfiguration;
			buildSettings = {
				ALWAYS_EMBED_SWIFT_STANDARD_LIBRARIES = YES;
				BUNDLE_LOADER = "$(TEST_HOST)";
				CODE_SIGN_STYLE = Automatic;
				DEVELOPMENT_TEAM = 5VCBSASHYH;
				INFOPLIST_FILE = "Marvel-clientTests/Info.plist";
				IPHONEOS_DEPLOYMENT_TARGET = 14.2;
				LD_RUNPATH_SEARCH_PATHS = (
					"$(inherited)",
					"@executable_path/Frameworks",
					"@loader_path/Frameworks",
				);
				PRODUCT_BUNDLE_IDENTIFIER = "biz.microedition.Marvel-clientTests";
				PRODUCT_NAME = "$(TARGET_NAME)";
				SWIFT_VERSION = 5.0;
				TARGETED_DEVICE_FAMILY = "1,2";
				TEST_HOST = "$(BUILT_PRODUCTS_DIR)/Marvel-client.app/Marvel-client";
			};
			name = Debug;
		};
		6E1EB8A325A3C84E009F69F2 /* Release */ = {
			isa = XCBuildConfiguration;
			buildSettings = {
				ALWAYS_EMBED_SWIFT_STANDARD_LIBRARIES = YES;
				BUNDLE_LOADER = "$(TEST_HOST)";
				CODE_SIGN_STYLE = Automatic;
				DEVELOPMENT_TEAM = 5VCBSASHYH;
				INFOPLIST_FILE = "Marvel-clientTests/Info.plist";
				IPHONEOS_DEPLOYMENT_TARGET = 14.2;
				LD_RUNPATH_SEARCH_PATHS = (
					"$(inherited)",
					"@executable_path/Frameworks",
					"@loader_path/Frameworks",
				);
				PRODUCT_BUNDLE_IDENTIFIER = "biz.microedition.Marvel-clientTests";
				PRODUCT_NAME = "$(TARGET_NAME)";
				SWIFT_VERSION = 5.0;
				TARGETED_DEVICE_FAMILY = "1,2";
				TEST_HOST = "$(BUILT_PRODUCTS_DIR)/Marvel-client.app/Marvel-client";
			};
			name = Release;
		};
		6E1EB8A525A3C84E009F69F2 /* Debug */ = {
			isa = XCBuildConfiguration;
			buildSettings = {
				ALWAYS_EMBED_SWIFT_STANDARD_LIBRARIES = YES;
				CODE_SIGN_STYLE = Automatic;
				DEVELOPMENT_TEAM = 5VCBSASHYH;
				INFOPLIST_FILE = "Marvel-clientUITests/Info.plist";
				LD_RUNPATH_SEARCH_PATHS = (
					"$(inherited)",
					"@executable_path/Frameworks",
					"@loader_path/Frameworks",
				);
				PRODUCT_BUNDLE_IDENTIFIER = "biz.microedition.Marvel-clientUITests";
				PRODUCT_NAME = "$(TARGET_NAME)";
				SWIFT_VERSION = 5.0;
				TARGETED_DEVICE_FAMILY = "1,2";
				TEST_TARGET_NAME = "Marvel-client";
			};
			name = Debug;
		};
		6E1EB8A625A3C84E009F69F2 /* Release */ = {
			isa = XCBuildConfiguration;
			buildSettings = {
				ALWAYS_EMBED_SWIFT_STANDARD_LIBRARIES = YES;
				CODE_SIGN_STYLE = Automatic;
				DEVELOPMENT_TEAM = 5VCBSASHYH;
				INFOPLIST_FILE = "Marvel-clientUITests/Info.plist";
				LD_RUNPATH_SEARCH_PATHS = (
					"$(inherited)",
					"@executable_path/Frameworks",
					"@loader_path/Frameworks",
				);
				PRODUCT_BUNDLE_IDENTIFIER = "biz.microedition.Marvel-clientUITests";
				PRODUCT_NAME = "$(TARGET_NAME)";
				SWIFT_VERSION = 5.0;
				TARGETED_DEVICE_FAMILY = "1,2";
				TEST_TARGET_NAME = "Marvel-client";
			};
			name = Release;
		};
/* End XCBuildConfiguration section */

/* Begin XCConfigurationList section */
		6E1EB86F25A3C84C009F69F2 /* Build configuration list for PBXProject "Marvel-client" */ = {
			isa = XCConfigurationList;
			buildConfigurations = (
				6E1EB89C25A3C84E009F69F2 /* Debug */,
				6E1EB89D25A3C84E009F69F2 /* Release */,
			);
			defaultConfigurationIsVisible = 0;
			defaultConfigurationName = Release;
		};
		6E1EB89E25A3C84E009F69F2 /* Build configuration list for PBXNativeTarget "Marvel-client" */ = {
			isa = XCConfigurationList;
			buildConfigurations = (
				6E1EB89F25A3C84E009F69F2 /* Debug */,
				6E1EB8A025A3C84E009F69F2 /* Release */,
			);
			defaultConfigurationIsVisible = 0;
			defaultConfigurationName = Release;
		};
		6E1EB8A125A3C84E009F69F2 /* Build configuration list for PBXNativeTarget "Marvel-clientTests" */ = {
			isa = XCConfigurationList;
			buildConfigurations = (
				6E1EB8A225A3C84E009F69F2 /* Debug */,
				6E1EB8A325A3C84E009F69F2 /* Release */,
			);
			defaultConfigurationIsVisible = 0;
			defaultConfigurationName = Release;
		};
		6E1EB8A425A3C84E009F69F2 /* Build configuration list for PBXNativeTarget "Marvel-clientUITests" */ = {
			isa = XCConfigurationList;
			buildConfigurations = (
				6E1EB8A525A3C84E009F69F2 /* Debug */,
				6E1EB8A625A3C84E009F69F2 /* Release */,
			);
			defaultConfigurationIsVisible = 0;
			defaultConfigurationName = Release;
		};
/* End XCConfigurationList section */
	};
	rootObject = 6E1EB86C25A3C84C009F69F2 /* Project object */;
}
