// !$*UTF8*$!
{
	archiveVersion = 1;
	classes = {
	};
	objectVersion = 50;
	objects = {

/* Begin PBXBuildFile section */
		6E1EB87825A3C84C009F69F2 /* AppDelegate.swift in Sources */ = {isa = PBXBuildFile; fileRef = 6E1EB87725A3C84C009F69F2 /* AppDelegate.swift */; };
		6E1EB87A25A3C84C009F69F2 /* SceneDelegate.swift in Sources */ = {isa = PBXBuildFile; fileRef = 6E1EB87925A3C84C009F69F2 /* SceneDelegate.swift */; };
		6E1EB88125A3C84E009F69F2 /* Assets.xcassets in Resources */ = {isa = PBXBuildFile; fileRef = 6E1EB88025A3C84E009F69F2 /* Assets.xcassets */; };
		6E1EB88425A3C84E009F69F2 /* LaunchScreen.storyboard in Resources */ = {isa = PBXBuildFile; fileRef = 6E1EB88225A3C84E009F69F2 /* LaunchScreen.storyboard */; };
		6E1EB88F25A3C84E009F69F2 /* Marvel_clientTests.swift in Sources */ = {isa = PBXBuildFile; fileRef = 6E1EB88E25A3C84E009F69F2 /* Marvel_clientTests.swift */; };
		6E1EB89A25A3C84E009F69F2 /* Marvel_clientUITests.swift in Sources */ = {isa = PBXBuildFile; fileRef = 6E1EB89925A3C84E009F69F2 /* Marvel_clientUITests.swift */; };
		6E1EB8B025A4833A009F69F2 /* UIImageView+Remote.swift in Sources */ = {isa = PBXBuildFile; fileRef = 6E1EB8AF25A4833A009F69F2 /* UIImageView+Remote.swift */; };
		6E1EB8BA25A4839C009F69F2 /* DownloadService.swift in Sources */ = {isa = PBXBuildFile; fileRef = 6E1EB8B825A4839C009F69F2 /* DownloadService.swift */; };
		6E1EB8BB25A4839C009F69F2 /* APIService.swift in Sources */ = {isa = PBXBuildFile; fileRef = 6E1EB8B925A4839C009F69F2 /* APIService.swift */; };
		6E1EB8C225A483AA009F69F2 /* NSManagedObject+Extension.swift in Sources */ = {isa = PBXBuildFile; fileRef = 6E1EB8BF25A483AA009F69F2 /* NSManagedObject+Extension.swift */; };
		6E1EB8C325A483AA009F69F2 /* NSManagedObjectDictionaryMapping.swift in Sources */ = {isa = PBXBuildFile; fileRef = 6E1EB8C025A483AA009F69F2 /* NSManagedObjectDictionaryMapping.swift */; };
		6E1EB8C425A483AA009F69F2 /* CoreDataManager.swift in Sources */ = {isa = PBXBuildFile; fileRef = 6E1EB8C125A483AA009F69F2 /* CoreDataManager.swift */; };
		6E1EB8CC25A483BD009F69F2 /* Owned.swift in Sources */ = {isa = PBXBuildFile; fileRef = 6E1EB8C825A483BD009F69F2 /* Owned.swift */; };
		6E1EB8CD25A483BD009F69F2 /* FileSystemHelper.swift in Sources */ = {isa = PBXBuildFile; fileRef = 6E1EB8C925A483BD009F69F2 /* FileSystemHelper.swift */; };
		6E1EB8CE25A483BD009F69F2 /* AsyncOperation.swift in Sources */ = {isa = PBXBuildFile; fileRef = 6E1EB8CA25A483BD009F69F2 /* AsyncOperation.swift */; };
		6E1EB8CF25A483BD009F69F2 /* Coordinator.swift in Sources */ = {isa = PBXBuildFile; fileRef = 6E1EB8CB25A483BD009F69F2 /* Coordinator.swift */; };
		6E1EB8D425A483D9009F69F2 /* URL+sha256Hash.swift in Sources */ = {isa = PBXBuildFile; fileRef = 6E1EB8D325A483D9009F69F2 /* URL+sha256Hash.swift */; };
		6E1EB8E825A48531009F69F2 /* Storyboards.swift in Sources */ = {isa = PBXBuildFile; fileRef = 6E1EB8E725A48531009F69F2 /* Storyboards.swift */; };
		6E1EB8ED25A4856B009F69F2 /* ViewControllerBuilder.swift in Sources */ = {isa = PBXBuildFile; fileRef = 6E1EB8EC25A4856B009F69F2 /* ViewControllerBuilder.swift */; };
		6E1EB8F225A486FB009F69F2 /* AppCoordinator.swift in Sources */ = {isa = PBXBuildFile; fileRef = 6E1EB8F125A486FB009F69F2 /* AppCoordinator.swift */; };
		6E1EB8F925A487A8009F69F2 /* CharactersCoordinator.swift in Sources */ = {isa = PBXBuildFile; fileRef = 6E1EB8F825A487A8009F69F2 /* CharactersCoordinator.swift */; };
		6E1EB90125A487BF009F69F2 /* Characters.storyboard in Resources */ = {isa = PBXBuildFile; fileRef = 6E1EB90025A487BF009F69F2 /* Characters.storyboard */; };
		6E1EB91325A49893009F69F2 /* Functional.swift in Sources */ = {isa = PBXBuildFile; fileRef = 6E1EB91225A49893009F69F2 /* Functional.swift */; };
		6E1EB91825A498A5009F69F2 /* Optional+Extensions.swift in Sources */ = {isa = PBXBuildFile; fileRef = 6E1EB91725A498A5009F69F2 /* Optional+Extensions.swift */; };
		6E1EB93125A49EC7009F69F2 /* Model.xcdatamodeld in Sources */ = {isa = PBXBuildFile; fileRef = 6E1EB92F25A49EC7009F69F2 /* Model.xcdatamodeld */; };
		6E1EB93D25A4AB45009F69F2 /* DependencyContainer.swift in Sources */ = {isa = PBXBuildFile; fileRef = 6E1EB93C25A4AB45009F69F2 /* DependencyContainer.swift */; };
		6E1EB94425A4ABEF009F69F2 /* Model.swift in Sources */ = {isa = PBXBuildFile; fileRef = 6E1EB94325A4ABEF009F69F2 /* Model.swift */; };
		6E1EB95125A4AC27009F69F2 /* MarvelAPI.swift in Sources */ = {isa = PBXBuildFile; fileRef = 6E1EB95025A4AC27009F69F2 /* MarvelAPI.swift */; };
		6E1EB95725A4AC71009F69F2 /* CharacterResponseMapping.swift in Sources */ = {isa = PBXBuildFile; fileRef = 6E1EB95625A4AC71009F69F2 /* CharacterResponseMapping.swift */; };
		6E1EB95F25A4AC80009F69F2 /* ComicResponseMapping.swift in Sources */ = {isa = PBXBuildFile; fileRef = 6E1EB95E25A4AC80009F69F2 /* ComicResponseMapping.swift */; };
		6E1EB96725A4B9AF009F69F2 /* String+Extensions.swift in Sources */ = {isa = PBXBuildFile; fileRef = 6E1EB96625A4B9AF009F69F2 /* String+Extensions.swift */; };
		6E1EB96C25A4BB1B009F69F2 /* MessagePresenter.swift in Sources */ = {isa = PBXBuildFile; fileRef = 6E1EB96B25A4BB1B009F69F2 /* MessagePresenter.swift */; };
		6E1EB97125A4C0A8009F69F2 /* DataManager.swift in Sources */ = {isa = PBXBuildFile; fileRef = 6E1EB97025A4C0A8009F69F2 /* DataManager.swift */; };
		6E1EB99025A4D7BD009F69F2 /* CharactersViewModel.swift in Sources */ = {isa = PBXBuildFile; fileRef = 6E1EB98D25A4D7BD009F69F2 /* CharactersViewModel.swift */; };
		6E1EB99125A4D7BD009F69F2 /* CharacterCell.swift in Sources */ = {isa = PBXBuildFile; fileRef = 6E1EB98E25A4D7BD009F69F2 /* CharacterCell.swift */; };
		6E1EB99225A4D7BD009F69F2 /* CharactersViewController.swift in Sources */ = {isa = PBXBuildFile; fileRef = 6E1EB98F25A4D7BD009F69F2 /* CharactersViewController.swift */; };
		6E1EB99B25A4D7CC009F69F2 /* CharacterDetailsViewController.swift in Sources */ = {isa = PBXBuildFile; fileRef = 6E1EB99925A4D7CC009F69F2 /* CharacterDetailsViewController.swift */; };
		6E1EB99C25A4D7CC009F69F2 /* CharacterDetailsViewModel.swift in Sources */ = {isa = PBXBuildFile; fileRef = 6E1EB99A25A4D7CC009F69F2 /* CharacterDetailsViewModel.swift */; };
		6E1EB9A125A4DD28009F69F2 /* SignRequestBehavior.swift in Sources */ = {isa = PBXBuildFile; fileRef = 6E1EB9A025A4DD28009F69F2 /* SignRequestBehavior.swift */; };
		6E1EB9AC25A4EAD5009F69F2 /* LoadNextPageView.swift in Sources */ = {isa = PBXBuildFile; fileRef = 6E1EB9AB25A4EAD5009F69F2 /* LoadNextPageView.swift */; };
/* End PBXBuildFile section */

/* Begin PBXContainerItemProxy section */
		6E1EB88B25A3C84E009F69F2 /* PBXContainerItemProxy */ = {
			isa = PBXContainerItemProxy;
			containerPortal = 6E1EB86C25A3C84C009F69F2 /* Project object */;
			proxyType = 1;
			remoteGlobalIDString = 6E1EB87325A3C84C009F69F2;
			remoteInfo = "Marvel-client";
		};
		6E1EB89625A3C84E009F69F2 /* PBXContainerItemProxy */ = {
			isa = PBXContainerItemProxy;
			containerPortal = 6E1EB86C25A3C84C009F69F2 /* Project object */;
			proxyType = 1;
			remoteGlobalIDString = 6E1EB87325A3C84C009F69F2;
			remoteInfo = "Marvel-client";
		};
/* End PBXContainerItemProxy section */

/* Begin PBXFileReference section */
		6E1EB87425A3C84C009F69F2 /* Marvel-client.app */ = {isa = PBXFileReference; explicitFileType = wrapper.application; includeInIndex = 0; path = "Marvel-client.app"; sourceTree = BUILT_PRODUCTS_DIR; };
		6E1EB87725A3C84C009F69F2 /* AppDelegate.swift */ = {isa = PBXFileReference; lastKnownFileType = sourcecode.swift; path = AppDelegate.swift; sourceTree = "<group>"; };
		6E1EB87925A3C84C009F69F2 /* SceneDelegate.swift */ = {isa = PBXFileReference; lastKnownFileType = sourcecode.swift; path = SceneDelegate.swift; sourceTree = "<group>"; };
		6E1EB88025A3C84E009F69F2 /* Assets.xcassets */ = {isa = PBXFileReference; lastKnownFileType = folder.assetcatalog; path = Assets.xcassets; sourceTree = "<group>"; };
		6E1EB88325A3C84E009F69F2 /* Base */ = {isa = PBXFileReference; lastKnownFileType = file.storyboard; name = Base; path = Base.lproj/LaunchScreen.storyboard; sourceTree = "<group>"; };
		6E1EB88525A3C84E009F69F2 /* Info.plist */ = {isa = PBXFileReference; lastKnownFileType = text.plist.xml; path = Info.plist; sourceTree = "<group>"; };
		6E1EB88A25A3C84E009F69F2 /* Marvel-clientTests.xctest */ = {isa = PBXFileReference; explicitFileType = wrapper.cfbundle; includeInIndex = 0; path = "Marvel-clientTests.xctest"; sourceTree = BUILT_PRODUCTS_DIR; };
		6E1EB88E25A3C84E009F69F2 /* Marvel_clientTests.swift */ = {isa = PBXFileReference; lastKnownFileType = sourcecode.swift; path = Marvel_clientTests.swift; sourceTree = "<group>"; };
		6E1EB89025A3C84E009F69F2 /* Info.plist */ = {isa = PBXFileReference; lastKnownFileType = text.plist.xml; path = Info.plist; sourceTree = "<group>"; };
		6E1EB89525A3C84E009F69F2 /* Marvel-clientUITests.xctest */ = {isa = PBXFileReference; explicitFileType = wrapper.cfbundle; includeInIndex = 0; path = "Marvel-clientUITests.xctest"; sourceTree = BUILT_PRODUCTS_DIR; };
		6E1EB89925A3C84E009F69F2 /* Marvel_clientUITests.swift */ = {isa = PBXFileReference; lastKnownFileType = sourcecode.swift; path = Marvel_clientUITests.swift; sourceTree = "<group>"; };
		6E1EB89B25A3C84E009F69F2 /* Info.plist */ = {isa = PBXFileReference; lastKnownFileType = text.plist.xml; path = Info.plist; sourceTree = "<group>"; };
		6E1EB8AF25A4833A009F69F2 /* UIImageView+Remote.swift */ = {isa = PBXFileReference; fileEncoding = 4; lastKnownFileType = sourcecode.swift; path = "UIImageView+Remote.swift"; sourceTree = "<group>"; };
		6E1EB8B825A4839C009F69F2 /* DownloadService.swift */ = {isa = PBXFileReference; fileEncoding = 4; lastKnownFileType = sourcecode.swift; path = DownloadService.swift; sourceTree = "<group>"; };
		6E1EB8B925A4839C009F69F2 /* APIService.swift */ = {isa = PBXFileReference; fileEncoding = 4; lastKnownFileType = sourcecode.swift; path = APIService.swift; sourceTree = "<group>"; };
		6E1EB8BF25A483AA009F69F2 /* NSManagedObject+Extension.swift */ = {isa = PBXFileReference; fileEncoding = 4; lastKnownFileType = sourcecode.swift; path = "NSManagedObject+Extension.swift"; sourceTree = "<group>"; };
		6E1EB8C025A483AA009F69F2 /* NSManagedObjectDictionaryMapping.swift */ = {isa = PBXFileReference; fileEncoding = 4; lastKnownFileType = sourcecode.swift; path = NSManagedObjectDictionaryMapping.swift; sourceTree = "<group>"; };
		6E1EB8C125A483AA009F69F2 /* CoreDataManager.swift */ = {isa = PBXFileReference; fileEncoding = 4; lastKnownFileType = sourcecode.swift; path = CoreDataManager.swift; sourceTree = "<group>"; };
		6E1EB8C825A483BD009F69F2 /* Owned.swift */ = {isa = PBXFileReference; fileEncoding = 4; lastKnownFileType = sourcecode.swift; path = Owned.swift; sourceTree = "<group>"; };
		6E1EB8C925A483BD009F69F2 /* FileSystemHelper.swift */ = {isa = PBXFileReference; fileEncoding = 4; lastKnownFileType = sourcecode.swift; path = FileSystemHelper.swift; sourceTree = "<group>"; };
		6E1EB8CA25A483BD009F69F2 /* AsyncOperation.swift */ = {isa = PBXFileReference; fileEncoding = 4; lastKnownFileType = sourcecode.swift; path = AsyncOperation.swift; sourceTree = "<group>"; };
		6E1EB8CB25A483BD009F69F2 /* Coordinator.swift */ = {isa = PBXFileReference; fileEncoding = 4; lastKnownFileType = sourcecode.swift; path = Coordinator.swift; sourceTree = "<group>"; };
		6E1EB8D325A483D9009F69F2 /* URL+sha256Hash.swift */ = {isa = PBXFileReference; fileEncoding = 4; lastKnownFileType = sourcecode.swift; path = "URL+sha256Hash.swift"; sourceTree = "<group>"; };
		6E1EB8E725A48531009F69F2 /* Storyboards.swift */ = {isa = PBXFileReference; lastKnownFileType = sourcecode.swift; path = Storyboards.swift; sourceTree = "<group>"; };
		6E1EB8EC25A4856B009F69F2 /* ViewControllerBuilder.swift */ = {isa = PBXFileReference; fileEncoding = 4; lastKnownFileType = sourcecode.swift; path = ViewControllerBuilder.swift; sourceTree = "<group>"; };
		6E1EB8F125A486FB009F69F2 /* AppCoordinator.swift */ = {isa = PBXFileReference; lastKnownFileType = sourcecode.swift; path = AppCoordinator.swift; sourceTree = "<group>"; };
		6E1EB8F825A487A8009F69F2 /* CharactersCoordinator.swift */ = {isa = PBXFileReference; lastKnownFileType = sourcecode.swift; path = CharactersCoordinator.swift; sourceTree = "<group>"; };
		6E1EB90025A487BF009F69F2 /* Characters.storyboard */ = {isa = PBXFileReference; lastKnownFileType = file.storyboard; path = Characters.storyboard; sourceTree = "<group>"; };
		6E1EB91225A49893009F69F2 /* Functional.swift */ = {isa = PBXFileReference; lastKnownFileType = sourcecode.swift; path = Functional.swift; sourceTree = "<group>"; };
		6E1EB91725A498A5009F69F2 /* Optional+Extensions.swift */ = {isa = PBXFileReference; lastKnownFileType = sourcecode.swift; path = "Optional+Extensions.swift"; sourceTree = "<group>"; };
		6E1EB93025A49EC7009F69F2 /* Model.xcdatamodel */ = {isa = PBXFileReference; lastKnownFileType = wrapper.xcdatamodel; path = Model.xcdatamodel; sourceTree = "<group>"; };
		6E1EB93825A4AA62009F69F2 /* Marvel-client.entitlements */ = {isa = PBXFileReference; lastKnownFileType = text.plist.entitlements; path = "Marvel-client.entitlements"; sourceTree = "<group>"; };
		6E1EB93C25A4AB45009F69F2 /* DependencyContainer.swift */ = {isa = PBXFileReference; fileEncoding = 4; lastKnownFileType = sourcecode.swift; path = DependencyContainer.swift; sourceTree = "<group>"; };
		6E1EB94125A4AB69009F69F2 /* CoreData.stencil */ = {isa = PBXFileReference; lastKnownFileType = file; path = CoreData.stencil; sourceTree = SOURCE_ROOT; };
		6E1EB94225A4AB69009F69F2 /* swiftgen.yml */ = {isa = PBXFileReference; lastKnownFileType = text.yaml; path = swiftgen.yml; sourceTree = SOURCE_ROOT; };
		6E1EB94325A4ABEF009F69F2 /* Model.swift */ = {isa = PBXFileReference; fileEncoding = 4; lastKnownFileType = sourcecode.swift; path = Model.swift; sourceTree = "<group>"; };
		6E1EB95025A4AC27009F69F2 /* MarvelAPI.swift */ = {isa = PBXFileReference; lastKnownFileType = sourcecode.swift; path = MarvelAPI.swift; sourceTree = "<group>"; };
		6E1EB95625A4AC71009F69F2 /* CharacterResponseMapping.swift */ = {isa = PBXFileReference; lastKnownFileType = sourcecode.swift; path = CharacterResponseMapping.swift; sourceTree = "<group>"; };
		6E1EB95E25A4AC80009F69F2 /* ComicResponseMapping.swift */ = {isa = PBXFileReference; lastKnownFileType = sourcecode.swift; path = ComicResponseMapping.swift; sourceTree = "<group>"; };
		6E1EB96625A4B9AF009F69F2 /* String+Extensions.swift */ = {isa = PBXFileReference; lastKnownFileType = sourcecode.swift; path = "String+Extensions.swift"; sourceTree = "<group>"; };
		6E1EB96B25A4BB1B009F69F2 /* MessagePresenter.swift */ = {isa = PBXFileReference; fileEncoding = 4; lastKnownFileType = sourcecode.swift; path = MessagePresenter.swift; sourceTree = "<group>"; };
		6E1EB97025A4C0A8009F69F2 /* DataManager.swift */ = {isa = PBXFileReference; lastKnownFileType = sourcecode.swift; path = DataManager.swift; sourceTree = "<group>"; };
		6E1EB98D25A4D7BD009F69F2 /* CharactersViewModel.swift */ = {isa = PBXFileReference; fileEncoding = 4; lastKnownFileType = sourcecode.swift; path = CharactersViewModel.swift; sourceTree = "<group>"; };
		6E1EB98E25A4D7BD009F69F2 /* CharacterCell.swift */ = {isa = PBXFileReference; fileEncoding = 4; lastKnownFileType = sourcecode.swift; path = CharacterCell.swift; sourceTree = "<group>"; };
		6E1EB98F25A4D7BD009F69F2 /* CharactersViewController.swift */ = {isa = PBXFileReference; fileEncoding = 4; lastKnownFileType = sourcecode.swift; path = CharactersViewController.swift; sourceTree = "<group>"; };
		6E1EB99925A4D7CC009F69F2 /* CharacterDetailsViewController.swift */ = {isa = PBXFileReference; fileEncoding = 4; lastKnownFileType = sourcecode.swift; path = CharacterDetailsViewController.swift; sourceTree = "<group>"; };
		6E1EB99A25A4D7CC009F69F2 /* CharacterDetailsViewModel.swift */ = {isa = PBXFileReference; fileEncoding = 4; lastKnownFileType = sourcecode.swift; path = CharacterDetailsViewModel.swift; sourceTree = "<group>"; };
		6E1EB9A025A4DD28009F69F2 /* SignRequestBehavior.swift */ = {isa = PBXFileReference; lastKnownFileType = sourcecode.swift; path = SignRequestBehavior.swift; sourceTree = "<group>"; };
		6E1EB9AB25A4EAD5009F69F2 /* LoadNextPageView.swift */ = {isa = PBXFileReference; fileEncoding = 4; lastKnownFileType = sourcecode.swift; path = LoadNextPageView.swift; sourceTree = "<group>"; };
/* End PBXFileReference section */

/* Begin PBXFrameworksBuildPhase section */
		6E1EB87125A3C84C009F69F2 /* Frameworks */ = {
			isa = PBXFrameworksBuildPhase;
			buildActionMask = 2147483647;
			files = (
			);
			runOnlyForDeploymentPostprocessing = 0;
		};
		6E1EB88725A3C84E009F69F2 /* Frameworks */ = {
			isa = PBXFrameworksBuildPhase;
			buildActionMask = 2147483647;
			files = (
			);
			runOnlyForDeploymentPostprocessing = 0;
		};
		6E1EB89225A3C84E009F69F2 /* Frameworks */ = {
			isa = PBXFrameworksBuildPhase;
			buildActionMask = 2147483647;
			files = (
			);
			runOnlyForDeploymentPostprocessing = 0;
		};
/* End PBXFrameworksBuildPhase section */

/* Begin PBXGroup section */
		6E1EB86B25A3C84C009F69F2 = {
			isa = PBXGroup;
			children = (
				6E1EB8AD25A480D4009F69F2 /* MEKit */,
				6E1EB87625A3C84C009F69F2 /* Marvel-client */,
				6E1EB88D25A3C84E009F69F2 /* Marvel-clientTests */,
				6E1EB89825A3C84E009F69F2 /* Marvel-clientUITests */,
				6E1EB87525A3C84C009F69F2 /* Products */,
			);
			sourceTree = "<group>";
		};
		6E1EB87525A3C84C009F69F2 /* Products */ = {
			isa = PBXGroup;
			children = (
				6E1EB87425A3C84C009F69F2 /* Marvel-client.app */,
				6E1EB88A25A3C84E009F69F2 /* Marvel-clientTests.xctest */,
				6E1EB89525A3C84E009F69F2 /* Marvel-clientUITests.xctest */,
			);
			name = Products;
			sourceTree = "<group>";
		};
		6E1EB87625A3C84C009F69F2 /* Marvel-client */ = {
			isa = PBXGroup;
			children = (
				6E1EB94125A4AB69009F69F2 /* CoreData.stencil */,
				6E1EB94225A4AB69009F69F2 /* swiftgen.yml */,
				6E1EB93825A4AA62009F69F2 /* Marvel-client.entitlements */,
				6E1EB88525A3C84E009F69F2 /* Info.plist */,
				6E1EB87725A3C84C009F69F2 /* AppDelegate.swift */,
				6E1EB87925A3C84C009F69F2 /* SceneDelegate.swift */,
				6E1EB88025A3C84E009F69F2 /* Assets.xcassets */,
				6E1EB88225A3C84E009F69F2 /* LaunchScreen.storyboard */,
				6E1EB8D825A4849A009F69F2 /* Helpers */,
				6E1EB8DB25A484AE009F69F2 /* Model */,
				6E1EB8DA25A484A7009F69F2 /* Modules */,
				6E1EB8D925A484A1009F69F2 /* Services */,
			);
			path = "Marvel-client";
			sourceTree = "<group>";
		};
		6E1EB88D25A3C84E009F69F2 /* Marvel-clientTests */ = {
			isa = PBXGroup;
			children = (
				6E1EB88E25A3C84E009F69F2 /* Marvel_clientTests.swift */,
				6E1EB89025A3C84E009F69F2 /* Info.plist */,
			);
			path = "Marvel-clientTests";
			sourceTree = "<group>";
		};
		6E1EB89825A3C84E009F69F2 /* Marvel-clientUITests */ = {
			isa = PBXGroup;
			children = (
				6E1EB89925A3C84E009F69F2 /* Marvel_clientUITests.swift */,
				6E1EB89B25A3C84E009F69F2 /* Info.plist */,
			);
			path = "Marvel-clientUITests";
			sourceTree = "<group>";
		};
		6E1EB8AD25A480D4009F69F2 /* MEKit */ = {
			isa = PBXGroup;
			children = (
				6E1EB8B525A4835F009F69F2 /* Core */,
				6E1EB8B725A48376009F69F2 /* Core Data */,
				6E1EB8B425A4834C009F69F2 /* Networking */,
				6E1EB8B625A4836A009F69F2 /* UI */,
				6E1EB8AE25A480F6009F69F2 /* UIImageView+Remote */,
			);
			path = MEKit;
			sourceTree = "<group>";
		};
		6E1EB8AE25A480F6009F69F2 /* UIImageView+Remote */ = {
			isa = PBXGroup;
			children = (
				6E1EB8AF25A4833A009F69F2 /* UIImageView+Remote.swift */,
			);
			path = "UIImageView+Remote";
			sourceTree = "<group>";
		};
		6E1EB8B425A4834C009F69F2 /* Networking */ = {
			isa = PBXGroup;
			children = (
				6E1EB8B925A4839C009F69F2 /* APIService.swift */,
				6E1EB8B825A4839C009F69F2 /* DownloadService.swift */,
			);
			path = Networking;
			sourceTree = "<group>";
		};
		6E1EB8B525A4835F009F69F2 /* Core */ = {
			isa = PBXGroup;
			children = (
				6E1EB8CA25A483BD009F69F2 /* AsyncOperation.swift */,
				6E1EB8CB25A483BD009F69F2 /* Coordinator.swift */,
				6E1EB8C925A483BD009F69F2 /* FileSystemHelper.swift */,
				6E1EB8C825A483BD009F69F2 /* Owned.swift */,
				6E1EB8D325A483D9009F69F2 /* URL+sha256Hash.swift */,
				6E1EB91225A49893009F69F2 /* Functional.swift */,
				6E1EB91725A498A5009F69F2 /* Optional+Extensions.swift */,
				6E1EB96625A4B9AF009F69F2 /* String+Extensions.swift */,
			);
			path = Core;
			sourceTree = "<group>";
		};
		6E1EB8B625A4836A009F69F2 /* UI */ = {
			isa = PBXGroup;
			children = (
				6E1EB9AB25A4EAD5009F69F2 /* LoadNextPageView.swift */,
				6E1EB96B25A4BB1B009F69F2 /* MessagePresenter.swift */,
				6E1EB8EC25A4856B009F69F2 /* ViewControllerBuilder.swift */,
			);
			path = UI;
			sourceTree = "<group>";
		};
		6E1EB8B725A48376009F69F2 /* Core Data */ = {
			isa = PBXGroup;
			children = (
				6E1EB8C125A483AA009F69F2 /* CoreDataManager.swift */,
				6E1EB8BF25A483AA009F69F2 /* NSManagedObject+Extension.swift */,
				6E1EB8C025A483AA009F69F2 /* NSManagedObjectDictionaryMapping.swift */,
			);
			path = "Core Data";
			sourceTree = "<group>";
		};
		6E1EB8D825A4849A009F69F2 /* Helpers */ = {
			isa = PBXGroup;
			children = (
				6E1EB8E725A48531009F69F2 /* Storyboards.swift */,
			);
			path = Helpers;
			sourceTree = "<group>";
		};
		6E1EB8D925A484A1009F69F2 /* Services */ = {
			isa = PBXGroup;
			children = (
				6E1EB93C25A4AB45009F69F2 /* DependencyContainer.swift */,
			);
			path = Services;
			sourceTree = "<group>";
		};
		6E1EB8DA25A484A7009F69F2 /* Modules */ = {
			isa = PBXGroup;
			children = (
				6E1EB8F125A486FB009F69F2 /* AppCoordinator.swift */,
				6E1EB8F625A48705009F69F2 /* Characters */,
				6E1EB8F725A4870C009F69F2 /* Commics */,
			);
			path = Modules;
			sourceTree = "<group>";
		};
		6E1EB8DB25A484AE009F69F2 /* Model */ = {
			isa = PBXGroup;
			children = (
				6E1EB97025A4C0A8009F69F2 /* DataManager.swift */,
				6E1EB95025A4AC27009F69F2 /* MarvelAPI.swift */,
				6E1EB94325A4ABEF009F69F2 /* Model.swift */,
				6E1EB9A025A4DD28009F69F2 /* SignRequestBehavior.swift */,
				6E1EB92F25A49EC7009F69F2 /* Model.xcdatamodeld */,
				6E1EB95525A4AC54009F69F2 /* Responses Mapping */,
			);
			path = Model;
			sourceTree = "<group>";
		};
		6E1EB8F625A48705009F69F2 /* Characters */ = {
			isa = PBXGroup;
			children = (
				6E1EB90025A487BF009F69F2 /* Characters.storyboard */,
				6E1EB8F825A487A8009F69F2 /* CharactersCoordinator.swift */,
				6E1EB98525A4D54B009F69F2 /* List */,
				6E1EB98625A4D557009F69F2 /* Details */,
			);
			path = Characters;
			sourceTree = "<group>";
		};
		6E1EB8F725A4870C009F69F2 /* Commics */ = {
			isa = PBXGroup;
			children = (
			);
			path = Commics;
			sourceTree = "<group>";
		};
		6E1EB95525A4AC54009F69F2 /* Responses Mapping */ = {
			isa = PBXGroup;
			children = (
				6E1EB95625A4AC71009F69F2 /* CharacterResponseMapping.swift */,
				6E1EB95E25A4AC80009F69F2 /* ComicResponseMapping.swift */,
			);
			path = "Responses Mapping";
			sourceTree = "<group>";
		};
		6E1EB98525A4D54B009F69F2 /* List */ = {
			isa = PBXGroup;
			children = (
				6E1EB98E25A4D7BD009F69F2 /* CharacterCell.swift */,
				6E1EB98F25A4D7BD009F69F2 /* CharactersViewController.swift */,
				6E1EB98D25A4D7BD009F69F2 /* CharactersViewModel.swift */,
			);
			path = List;
			sourceTree = "<group>";
		};
		6E1EB98625A4D557009F69F2 /* Details */ = {
			isa = PBXGroup;
			children = (
				6E1EB99925A4D7CC009F69F2 /* CharacterDetailsViewController.swift */,
				6E1EB99A25A4D7CC009F69F2 /* CharacterDetailsViewModel.swift */,
			);
			path = Details;
			sourceTree = "<group>";
		};
/* End PBXGroup section */

/* Begin PBXNativeTarget section */
		6E1EB87325A3C84C009F69F2 /* Marvel-client */ = {
			isa = PBXNativeTarget;
			buildConfigurationList = 6E1EB89E25A3C84E009F69F2 /* Build configuration list for PBXNativeTarget "Marvel-client" */;
			buildPhases = (
				6E1EB87025A3C84C009F69F2 /* Sources */,
				6E1EB87125A3C84C009F69F2 /* Frameworks */,
				6E1EB87225A3C84C009F69F2 /* Resources */,
			);
			buildRules = (
			);
			dependencies = (
			);
			name = "Marvel-client";
			productName = "Marvel-client";
			productReference = 6E1EB87425A3C84C009F69F2 /* Marvel-client.app */;
			productType = "com.apple.product-type.application";
		};
		6E1EB88925A3C84E009F69F2 /* Marvel-clientTests */ = {
			isa = PBXNativeTarget;
			buildConfigurationList = 6E1EB8A125A3C84E009F69F2 /* Build configuration list for PBXNativeTarget "Marvel-clientTests" */;
			buildPhases = (
				6E1EB88625A3C84E009F69F2 /* Sources */,
				6E1EB88725A3C84E009F69F2 /* Frameworks */,
				6E1EB88825A3C84E009F69F2 /* Resources */,
			);
			buildRules = (
			);
			dependencies = (
				6E1EB88C25A3C84E009F69F2 /* PBXTargetDependency */,
			);
			name = "Marvel-clientTests";
			productName = "Marvel-clientTests";
			productReference = 6E1EB88A25A3C84E009F69F2 /* Marvel-clientTests.xctest */;
			productType = "com.apple.product-type.bundle.unit-test";
		};
		6E1EB89425A3C84E009F69F2 /* Marvel-clientUITests */ = {
			isa = PBXNativeTarget;
			buildConfigurationList = 6E1EB8A425A3C84E009F69F2 /* Build configuration list for PBXNativeTarget "Marvel-clientUITests" */;
			buildPhases = (
				6E1EB89125A3C84E009F69F2 /* Sources */,
				6E1EB89225A3C84E009F69F2 /* Frameworks */,
				6E1EB89325A3C84E009F69F2 /* Resources */,
			);
			buildRules = (
			);
			dependencies = (
				6E1EB89725A3C84E009F69F2 /* PBXTargetDependency */,
			);
			name = "Marvel-clientUITests";
			productName = "Marvel-clientUITests";
			productReference = 6E1EB89525A3C84E009F69F2 /* Marvel-clientUITests.xctest */;
			productType = "com.apple.product-type.bundle.ui-testing";
		};
/* End PBXNativeTarget section */

/* Begin PBXProject section */
		6E1EB86C25A3C84C009F69F2 /* Project object */ = {
			isa = PBXProject;
			attributes = {
				LastSwiftUpdateCheck = 1220;
				LastUpgradeCheck = 1220;
				TargetAttributes = {
					6E1EB87325A3C84C009F69F2 = {
						CreatedOnToolsVersion = 12.2;
					};
					6E1EB88925A3C84E009F69F2 = {
						CreatedOnToolsVersion = 12.2;
						TestTargetID = 6E1EB87325A3C84C009F69F2;
					};
					6E1EB89425A3C84E009F69F2 = {
						CreatedOnToolsVersion = 12.2;
						TestTargetID = 6E1EB87325A3C84C009F69F2;
					};
				};
			};
			buildConfigurationList = 6E1EB86F25A3C84C009F69F2 /* Build configuration list for PBXProject "Marvel-client" */;
			compatibilityVersion = "Xcode 9.3";
			developmentRegion = en;
			hasScannedForEncodings = 0;
			knownRegions = (
				en,
				Base,
			);
			mainGroup = 6E1EB86B25A3C84C009F69F2;
			productRefGroup = 6E1EB87525A3C84C009F69F2 /* Products */;
			projectDirPath = "";
			projectRoot = "";
			targets = (
				6E1EB87325A3C84C009F69F2 /* Marvel-client */,
				6E1EB88925A3C84E009F69F2 /* Marvel-clientTests */,
				6E1EB89425A3C84E009F69F2 /* Marvel-clientUITests */,
			);
		};
/* End PBXProject section */

/* Begin PBXResourcesBuildPhase section */
		6E1EB87225A3C84C009F69F2 /* Resources */ = {
			isa = PBXResourcesBuildPhase;
			buildActionMask = 2147483647;
			files = (
				6E1EB88425A3C84E009F69F2 /* LaunchScreen.storyboard in Resources */,
				6E1EB90125A487BF009F69F2 /* Characters.storyboard in Resources */,
				6E1EB88125A3C84E009F69F2 /* Assets.xcassets in Resources */,
			);
			runOnlyForDeploymentPostprocessing = 0;
		};
		6E1EB88825A3C84E009F69F2 /* Resources */ = {
			isa = PBXResourcesBuildPhase;
			buildActionMask = 2147483647;
			files = (
			);
			runOnlyForDeploymentPostprocessing = 0;
		};
		6E1EB89325A3C84E009F69F2 /* Resources */ = {
			isa = PBXResourcesBuildPhase;
			buildActionMask = 2147483647;
			files = (
			);
			runOnlyForDeploymentPostprocessing = 0;
		};
/* End PBXResourcesBuildPhase section */

/* Begin PBXSourcesBuildPhase section */
		6E1EB87025A3C84C009F69F2 /* Sources */ = {
			isa = PBXSourcesBuildPhase;
			buildActionMask = 2147483647;
			files = (
				6E1EB8C325A483AA009F69F2 /* NSManagedObjectDictionaryMapping.swift in Sources */,
				6E1EB99B25A4D7CC009F69F2 /* CharacterDetailsViewController.swift in Sources */,
				6E1EB8F225A486FB009F69F2 /* AppCoordinator.swift in Sources */,
				6E1EB8C225A483AA009F69F2 /* NSManagedObject+Extension.swift in Sources */,
				6E1EB8CF25A483BD009F69F2 /* Coordinator.swift in Sources */,
				6E1EB93D25A4AB45009F69F2 /* DependencyContainer.swift in Sources */,
				6E1EB8BA25A4839C009F69F2 /* DownloadService.swift in Sources */,
				6E1EB8F925A487A8009F69F2 /* CharactersCoordinator.swift in Sources */,
				6E1EB99C25A4D7CC009F69F2 /* CharacterDetailsViewModel.swift in Sources */,
				6E1EB87825A3C84C009F69F2 /* AppDelegate.swift in Sources */,
				6E1EB96725A4B9AF009F69F2 /* String+Extensions.swift in Sources */,
				6E1EB8E825A48531009F69F2 /* Storyboards.swift in Sources */,
				6E1EB9A125A4DD28009F69F2 /* SignRequestBehavior.swift in Sources */,
				6E1EB8CD25A483BD009F69F2 /* FileSystemHelper.swift in Sources */,
				6E1EB8B025A4833A009F69F2 /* UIImageView+Remote.swift in Sources */,
				6E1EB8C425A483AA009F69F2 /* CoreDataManager.swift in Sources */,
				6E1EB96C25A4BB1B009F69F2 /* MessagePresenter.swift in Sources */,
				6E1EB8BB25A4839C009F69F2 /* APIService.swift in Sources */,
				6E1EB91325A49893009F69F2 /* Functional.swift in Sources */,
				6E1EB99025A4D7BD009F69F2 /* CharactersViewModel.swift in Sources */,
				6E1EB95F25A4AC80009F69F2 /* ComicResponseMapping.swift in Sources */,
				6E1EB9AC25A4EAD5009F69F2 /* LoadNextPageView.swift in Sources */,
				6E1EB87A25A3C84C009F69F2 /* SceneDelegate.swift in Sources */,
				6E1EB94425A4ABEF009F69F2 /* Model.swift in Sources */,
				6E1EB8ED25A4856B009F69F2 /* ViewControllerBuilder.swift in Sources */,
				6E1EB97125A4C0A8009F69F2 /* DataManager.swift in Sources */,
				6E1EB8CE25A483BD009F69F2 /* AsyncOperation.swift in Sources */,
				6E1EB91825A498A5009F69F2 /* Optional+Extensions.swift in Sources */,
				6E1EB93125A49EC7009F69F2 /* Model.xcdatamodeld in Sources */,
				6E1EB99125A4D7BD009F69F2 /* CharacterCell.swift in Sources */,
				6E1EB95125A4AC27009F69F2 /* MarvelAPI.swift in Sources */,
				6E1EB95725A4AC71009F69F2 /* CharacterResponseMapping.swift in Sources */,
				6E1EB8D425A483D9009F69F2 /* URL+sha256Hash.swift in Sources */,
				6E1EB8CC25A483BD009F69F2 /* Owned.swift in Sources */,
				6E1EB99225A4D7BD009F69F2 /* CharactersViewController.swift in Sources */,
			);
			runOnlyForDeploymentPostprocessing = 0;
		};
		6E1EB88625A3C84E009F69F2 /* Sources */ = {
			isa = PBXSourcesBuildPhase;
			buildActionMask = 2147483647;
			files = (
				6E1EB88F25A3C84E009F69F2 /* Marvel_clientTests.swift in Sources */,
			);
			runOnlyForDeploymentPostprocessing = 0;
		};
		6E1EB89125A3C84E009F69F2 /* Sources */ = {
			isa = PBXSourcesBuildPhase;
			buildActionMask = 2147483647;
			files = (
				6E1EB89A25A3C84E009F69F2 /* Marvel_clientUITests.swift in Sources */,
			);
			runOnlyForDeploymentPostprocessing = 0;
		};
/* End PBXSourcesBuildPhase section */

/* Begin PBXTargetDependency section */
		6E1EB88C25A3C84E009F69F2 /* PBXTargetDependency */ = {
			isa = PBXTargetDependency;
			target = 6E1EB87325A3C84C009F69F2 /* Marvel-client */;
			targetProxy = 6E1EB88B25A3C84E009F69F2 /* PBXContainerItemProxy */;
		};
		6E1EB89725A3C84E009F69F2 /* PBXTargetDependency */ = {
			isa = PBXTargetDependency;
			target = 6E1EB87325A3C84C009F69F2 /* Marvel-client */;
			targetProxy = 6E1EB89625A3C84E009F69F2 /* PBXContainerItemProxy */;
		};
/* End PBXTargetDependency section */

/* Begin PBXVariantGroup section */
		6E1EB88225A3C84E009F69F2 /* LaunchScreen.storyboard */ = {
			isa = PBXVariantGroup;
			children = (
				6E1EB88325A3C84E009F69F2 /* Base */,
			);
			name = LaunchScreen.storyboard;
			sourceTree = "<group>";
		};
/* End PBXVariantGroup section */

/* Begin XCBuildConfiguration section */
		6E1EB89C25A3C84E009F69F2 /* Debug */ = {
			isa = XCBuildConfiguration;
			buildSettings = {
				ALWAYS_SEARCH_USER_PATHS = NO;
				CLANG_ANALYZER_NONNULL = YES;
				CLANG_ANALYZER_NUMBER_OBJECT_CONVERSION = YES_AGGRESSIVE;
				CLANG_CXX_LANGUAGE_STANDARD = "gnu++14";
				CLANG_CXX_LIBRARY = "libc++";
				CLANG_ENABLE_MODULES = YES;
				CLANG_ENABLE_OBJC_ARC = YES;
				CLANG_ENABLE_OBJC_WEAK = YES;
				CLANG_WARN_BLOCK_CAPTURE_AUTORELEASING = YES;
				CLANG_WARN_BOOL_CONVERSION = YES;
				CLANG_WARN_COMMA = YES;
				CLANG_WARN_CONSTANT_CONVERSION = YES;
				CLANG_WARN_DEPRECATED_OBJC_IMPLEMENTATIONS = YES;
				CLANG_WARN_DIRECT_OBJC_ISA_USAGE = YES_ERROR;
				CLANG_WARN_DOCUMENTATION_COMMENTS = YES;
				CLANG_WARN_EMPTY_BODY = YES;
				CLANG_WARN_ENUM_CONVERSION = YES;
				CLANG_WARN_INFINITE_RECURSION = YES;
				CLANG_WARN_INT_CONVERSION = YES;
				CLANG_WARN_NON_LITERAL_NULL_CONVERSION = YES;
				CLANG_WARN_OBJC_IMPLICIT_RETAIN_SELF = YES;
				CLANG_WARN_OBJC_LITERAL_CONVERSION = YES;
				CLANG_WARN_OBJC_ROOT_CLASS = YES_ERROR;
				CLANG_WARN_QUOTED_INCLUDE_IN_FRAMEWORK_HEADER = YES;
				CLANG_WARN_RANGE_LOOP_ANALYSIS = YES;
				CLANG_WARN_STRICT_PROTOTYPES = YES;
				CLANG_WARN_SUSPICIOUS_MOVE = YES;
				CLANG_WARN_UNGUARDED_AVAILABILITY = YES_AGGRESSIVE;
				CLANG_WARN_UNREACHABLE_CODE = YES;
				CLANG_WARN__DUPLICATE_METHOD_MATCH = YES;
				COPY_PHASE_STRIP = NO;
				DEBUG_INFORMATION_FORMAT = dwarf;
				ENABLE_STRICT_OBJC_MSGSEND = YES;
				ENABLE_TESTABILITY = YES;
				GCC_C_LANGUAGE_STANDARD = gnu11;
				GCC_DYNAMIC_NO_PIC = NO;
				GCC_NO_COMMON_BLOCKS = YES;
				GCC_OPTIMIZATION_LEVEL = 0;
				GCC_PREPROCESSOR_DEFINITIONS = (
					"DEBUG=1",
					"$(inherited)",
				);
				GCC_WARN_64_TO_32_BIT_CONVERSION = YES;
				GCC_WARN_ABOUT_RETURN_TYPE = YES_ERROR;
				GCC_WARN_UNDECLARED_SELECTOR = YES;
				GCC_WARN_UNINITIALIZED_AUTOS = YES_AGGRESSIVE;
				GCC_WARN_UNUSED_FUNCTION = YES;
				GCC_WARN_UNUSED_VARIABLE = YES;
				IPHONEOS_DEPLOYMENT_TARGET = 14.2;
				MTL_ENABLE_DEBUG_INFO = INCLUDE_SOURCE;
				MTL_FAST_MATH = YES;
				ONLY_ACTIVE_ARCH = YES;
				SDKROOT = iphoneos;
				SWIFT_ACTIVE_COMPILATION_CONDITIONS = DEBUG;
				SWIFT_OPTIMIZATION_LEVEL = "-Onone";
			};
			name = Debug;
		};
		6E1EB89D25A3C84E009F69F2 /* Release */ = {
			isa = XCBuildConfiguration;
			buildSettings = {
				ALWAYS_SEARCH_USER_PATHS = NO;
				CLANG_ANALYZER_NONNULL = YES;
				CLANG_ANALYZER_NUMBER_OBJECT_CONVERSION = YES_AGGRESSIVE;
				CLANG_CXX_LANGUAGE_STANDARD = "gnu++14";
				CLANG_CXX_LIBRARY = "libc++";
				CLANG_ENABLE_MODULES = YES;
				CLANG_ENABLE_OBJC_ARC = YES;
				CLANG_ENABLE_OBJC_WEAK = YES;
				CLANG_WARN_BLOCK_CAPTURE_AUTORELEASING = YES;
				CLANG_WARN_BOOL_CONVERSION = YES;
				CLANG_WARN_COMMA = YES;
				CLANG_WARN_CONSTANT_CONVERSION = YES;
				CLANG_WARN_DEPRECATED_OBJC_IMPLEMENTATIONS = YES;
				CLANG_WARN_DIRECT_OBJC_ISA_USAGE = YES_ERROR;
				CLANG_WARN_DOCUMENTATION_COMMENTS = YES;
				CLANG_WARN_EMPTY_BODY = YES;
				CLANG_WARN_ENUM_CONVERSION = YES;
				CLANG_WARN_INFINITE_RECURSION = YES;
				CLANG_WARN_INT_CONVERSION = YES;
				CLANG_WARN_NON_LITERAL_NULL_CONVERSION = YES;
				CLANG_WARN_OBJC_IMPLICIT_RETAIN_SELF = YES;
				CLANG_WARN_OBJC_LITERAL_CONVERSION = YES;
				CLANG_WARN_OBJC_ROOT_CLASS = YES_ERROR;
				CLANG_WARN_QUOTED_INCLUDE_IN_FRAMEWORK_HEADER = YES;
				CLANG_WARN_RANGE_LOOP_ANALYSIS = YES;
				CLANG_WARN_STRICT_PROTOTYPES = YES;
				CLANG_WARN_SUSPICIOUS_MOVE = YES;
				CLANG_WARN_UNGUARDED_AVAILABILITY = YES_AGGRESSIVE;
				CLANG_WARN_UNREACHABLE_CODE = YES;
				CLANG_WARN__DUPLICATE_METHOD_MATCH = YES;
				COPY_PHASE_STRIP = NO;
				DEBUG_INFORMATION_FORMAT = "dwarf-with-dsym";
				ENABLE_NS_ASSERTIONS = NO;
				ENABLE_STRICT_OBJC_MSGSEND = YES;
				GCC_C_LANGUAGE_STANDARD = gnu11;
				GCC_NO_COMMON_BLOCKS = YES;
				GCC_WARN_64_TO_32_BIT_CONVERSION = YES;
				GCC_WARN_ABOUT_RETURN_TYPE = YES_ERROR;
				GCC_WARN_UNDECLARED_SELECTOR = YES;
				GCC_WARN_UNINITIALIZED_AUTOS = YES_AGGRESSIVE;
				GCC_WARN_UNUSED_FUNCTION = YES;
				GCC_WARN_UNUSED_VARIABLE = YES;
				IPHONEOS_DEPLOYMENT_TARGET = 14.2;
				MTL_ENABLE_DEBUG_INFO = NO;
				MTL_FAST_MATH = YES;
				SDKROOT = iphoneos;
				SWIFT_COMPILATION_MODE = wholemodule;
				SWIFT_OPTIMIZATION_LEVEL = "-O";
				VALIDATE_PRODUCT = YES;
			};
			name = Release;
		};
		6E1EB89F25A3C84E009F69F2 /* Debug */ = {
			isa = XCBuildConfiguration;
			buildSettings = {
				ASSETCATALOG_COMPILER_APPICON_NAME = AppIcon;
				ASSETCATALOG_COMPILER_GLOBAL_ACCENT_COLOR_NAME = AccentColor;
				CODE_SIGN_ENTITLEMENTS = "Marvel-client/Marvel-client.entitlements";
				CODE_SIGN_STYLE = Automatic;
				DEVELOPMENT_TEAM = 5VCBSASHYH;
				INFOPLIST_FILE = "Marvel-client/Info.plist";
				IPHONEOS_DEPLOYMENT_TARGET = 13.6;
				LD_RUNPATH_SEARCH_PATHS = (
					"$(inherited)",
					"@executable_path/Frameworks",
				);
				PRODUCT_BUNDLE_IDENTIFIER = "biz.microedition.Marvel-client";
				PRODUCT_NAME = "$(TARGET_NAME)";
				SUPPORTS_MACCATALYST = YES;
				SWIFT_VERSION = 5.0;
				TARGETED_DEVICE_FAMILY = "1,2";
			};
			name = Debug;
		};
		6E1EB8A025A3C84E009F69F2 /* Release */ = {
			isa = XCBuildConfiguration;
			buildSettings = {
				ASSETCATALOG_COMPILER_APPICON_NAME = AppIcon;
				ASSETCATALOG_COMPILER_GLOBAL_ACCENT_COLOR_NAME = AccentColor;
				CODE_SIGN_ENTITLEMENTS = "Marvel-client/Marvel-client.entitlements";
				CODE_SIGN_STYLE = Automatic;
				DEVELOPMENT_TEAM = 5VCBSASHYH;
				INFOPLIST_FILE = "Marvel-client/Info.plist";
				IPHONEOS_DEPLOYMENT_TARGET = 13.6;
				LD_RUNPATH_SEARCH_PATHS = (
					"$(inherited)",
					"@executable_path/Frameworks",
				);
				PRODUCT_BUNDLE_IDENTIFIER = "biz.microedition.Marvel-client";
				PRODUCT_NAME = "$(TARGET_NAME)";
				SUPPORTS_MACCATALYST = YES;
				SWIFT_VERSION = 5.0;
				TARGETED_DEVICE_FAMILY = "1,2";
			};
			name = Release;
		};
		6E1EB8A225A3C84E009F69F2 /* Debug */ = {
			isa = XCBuildConfiguration;
			buildSettings = {
				ALWAYS_EMBED_SWIFT_STANDARD_LIBRARIES = YES;
				BUNDLE_LOADER = "$(TEST_HOST)";
				CODE_SIGN_STYLE = Automatic;
				DEVELOPMENT_TEAM = 5VCBSASHYH;
				INFOPLIST_FILE = "Marvel-clientTests/Info.plist";
				IPHONEOS_DEPLOYMENT_TARGET = 14.2;
				LD_RUNPATH_SEARCH_PATHS = (
					"$(inherited)",
					"@executable_path/Frameworks",
					"@loader_path/Frameworks",
				);
				PRODUCT_BUNDLE_IDENTIFIER = "biz.microedition.Marvel-clientTests";
				PRODUCT_NAME = "$(TARGET_NAME)";
				SWIFT_VERSION = 5.0;
				TARGETED_DEVICE_FAMILY = "1,2";
				TEST_HOST = "$(BUILT_PRODUCTS_DIR)/Marvel-client.app/Marvel-client";
			};
			name = Debug;
		};
		6E1EB8A325A3C84E009F69F2 /* Release */ = {
			isa = XCBuildConfiguration;
			buildSettings = {
				ALWAYS_EMBED_SWIFT_STANDARD_LIBRARIES = YES;
				BUNDLE_LOADER = "$(TEST_HOST)";
				CODE_SIGN_STYLE = Automatic;
				DEVELOPMENT_TEAM = 5VCBSASHYH;
				INFOPLIST_FILE = "Marvel-clientTests/Info.plist";
				IPHONEOS_DEPLOYMENT_TARGET = 14.2;
				LD_RUNPATH_SEARCH_PATHS = (
					"$(inherited)",
					"@executable_path/Frameworks",
					"@loader_path/Frameworks",
				);
				PRODUCT_BUNDLE_IDENTIFIER = "biz.microedition.Marvel-clientTests";
				PRODUCT_NAME = "$(TARGET_NAME)";
				SWIFT_VERSION = 5.0;
				TARGETED_DEVICE_FAMILY = "1,2";
				TEST_HOST = "$(BUILT_PRODUCTS_DIR)/Marvel-client.app/Marvel-client";
			};
			name = Release;
		};
		6E1EB8A525A3C84E009F69F2 /* Debug */ = {
			isa = XCBuildConfiguration;
			buildSettings = {
				ALWAYS_EMBED_SWIFT_STANDARD_LIBRARIES = YES;
				CODE_SIGN_STYLE = Automatic;
				DEVELOPMENT_TEAM = 5VCBSASHYH;
				INFOPLIST_FILE = "Marvel-clientUITests/Info.plist";
				LD_RUNPATH_SEARCH_PATHS = (
					"$(inherited)",
					"@executable_path/Frameworks",
					"@loader_path/Frameworks",
				);
				PRODUCT_BUNDLE_IDENTIFIER = "biz.microedition.Marvel-clientUITests";
				PRODUCT_NAME = "$(TARGET_NAME)";
				SWIFT_VERSION = 5.0;
				TARGETED_DEVICE_FAMILY = "1,2";
				TEST_TARGET_NAME = "Marvel-client";
			};
			name = Debug;
		};
		6E1EB8A625A3C84E009F69F2 /* Release */ = {
			isa = XCBuildConfiguration;
			buildSettings = {
				ALWAYS_EMBED_SWIFT_STANDARD_LIBRARIES = YES;
				CODE_SIGN_STYLE = Automatic;
				DEVELOPMENT_TEAM = 5VCBSASHYH;
				INFOPLIST_FILE = "Marvel-clientUITests/Info.plist";
				LD_RUNPATH_SEARCH_PATHS = (
					"$(inherited)",
					"@executable_path/Frameworks",
					"@loader_path/Frameworks",
				);
				PRODUCT_BUNDLE_IDENTIFIER = "biz.microedition.Marvel-clientUITests";
				PRODUCT_NAME = "$(TARGET_NAME)";
				SWIFT_VERSION = 5.0;
				TARGETED_DEVICE_FAMILY = "1,2";
				TEST_TARGET_NAME = "Marvel-client";
			};
			name = Release;
		};
/* End XCBuildConfiguration section */

/* Begin XCConfigurationList section */
		6E1EB86F25A3C84C009F69F2 /* Build configuration list for PBXProject "Marvel-client" */ = {
			isa = XCConfigurationList;
			buildConfigurations = (
				6E1EB89C25A3C84E009F69F2 /* Debug */,
				6E1EB89D25A3C84E009F69F2 /* Release */,
			);
			defaultConfigurationIsVisible = 0;
			defaultConfigurationName = Release;
		};
		6E1EB89E25A3C84E009F69F2 /* Build configuration list for PBXNativeTarget "Marvel-client" */ = {
			isa = XCConfigurationList;
			buildConfigurations = (
				6E1EB89F25A3C84E009F69F2 /* Debug */,
				6E1EB8A025A3C84E009F69F2 /* Release */,
			);
			defaultConfigurationIsVisible = 0;
			defaultConfigurationName = Release;
		};
		6E1EB8A125A3C84E009F69F2 /* Build configuration list for PBXNativeTarget "Marvel-clientTests" */ = {
			isa = XCConfigurationList;
			buildConfigurations = (
				6E1EB8A225A3C84E009F69F2 /* Debug */,
				6E1EB8A325A3C84E009F69F2 /* Release */,
			);
			defaultConfigurationIsVisible = 0;
			defaultConfigurationName = Release;
		};
		6E1EB8A425A3C84E009F69F2 /* Build configuration list for PBXNativeTarget "Marvel-clientUITests" */ = {
			isa = XCConfigurationList;
			buildConfigurations = (
				6E1EB8A525A3C84E009F69F2 /* Debug */,
				6E1EB8A625A3C84E009F69F2 /* Release */,
			);
			defaultConfigurationIsVisible = 0;
			defaultConfigurationName = Release;
		};
/* End XCConfigurationList section */

/* Begin XCVersionGroup section */
		6E1EB92F25A49EC7009F69F2 /* Model.xcdatamodeld */ = {
			isa = XCVersionGroup;
			children = (
				6E1EB93025A49EC7009F69F2 /* Model.xcdatamodel */,
			);
			currentVersion = 6E1EB93025A49EC7009F69F2 /* Model.xcdatamodel */;
			path = Model.xcdatamodeld;
			sourceTree = "<group>";
			versionGroupType = wrapper.xcdatamodel;
		};
/* End XCVersionGroup section */
	};
	rootObject = 6E1EB86C25A3C84C009F69F2 /* Project object */;
}
